
Microsoft Visual Studio Solution File, Format Version 12.00
# Visual Studio Version 16
VisualStudioVersion = 16.0.30413.136
MinimumVisualStudioVersion = 10.0.40219.1
Project("{9A19103F-16F7-4668-BE54-9A1E7A4F7556}") = "FunChess.XUnitTests", "FunChess.XUnitTests\FunChess.XUnitTests.csproj", "{B4CFA61E-217C-45E8-A5D6-9BA3D7202ECC}"
EndProject
Project("{9A19103F-16F7-4668-BE54-9A1E7A4F7556}") = "FunChess.Core", "FunChess.Core\FunChess.Core.csproj", "{28F4FAEE-0C27-4FE9-ABD2-4C7E4B172634}"
EndProject
Project("{FAE04EC0-301F-11D3-BF4B-00C04F79EFBC}") = "FunChess.Terminal", "FunChess.Terminal\FunChess.Terminal.csproj", "{93B85C5C-9A80-4B75-B167-9D9785336DB3}"
EndProject
Global
	GlobalSection(SolutionConfigurationPlatforms) = preSolution
		Debug|Any CPU = Debug|Any CPU
		Release|Any CPU = Release|Any CPU
	EndGlobalSection
	GlobalSection(ProjectConfigurationPlatforms) = postSolution
		{B4CFA61E-217C-45E8-A5D6-9BA3D7202ECC}.Debug|Any CPU.ActiveCfg = Debug|Any CPU
		{B4CFA61E-217C-45E8-A5D6-9BA3D7202ECC}.Debug|Any CPU.Build.0 = Debug|Any CPU
		{B4CFA61E-217C-45E8-A5D6-9BA3D7202ECC}.Release|Any CPU.ActiveCfg = Release|Any CPU
		{B4CFA61E-217C-45E8-A5D6-9BA3D7202ECC}.Release|Any CPU.Build.0 = Release|Any CPU
		{28F4FAEE-0C27-4FE9-ABD2-4C7E4B172634}.Debug|Any CPU.ActiveCfg = Debug|Any CPU
		{28F4FAEE-0C27-4FE9-ABD2-4C7E4B172634}.Debug|Any CPU.Build.0 = Debug|Any CPU
		{28F4FAEE-0C27-4FE9-ABD2-4C7E4B172634}.Release|Any CPU.ActiveCfg = Release|Any CPU
		{28F4FAEE-0C27-4FE9-ABD2-4C7E4B172634}.Release|Any CPU.Build.0 = Release|Any CPU
		{93B85C5C-9A80-4B75-B167-9D9785336DB3}.Debug|Any CPU.ActiveCfg = Debug|Any CPU
		{93B85C5C-9A80-4B75-B167-9D9785336DB3}.Debug|Any CPU.Build.0 = Debug|Any CPU
		{93B85C5C-9A80-4B75-B167-9D9785336DB3}.Release|Any CPU.ActiveCfg = Release|Any CPU
		{93B85C5C-9A80-4B75-B167-9D9785336DB3}.Release|Any CPU.Build.0 = Release|Any CPU
	EndGlobalSection
	GlobalSection(SolutionProperties) = preSolution
		HideSolutionNode = FALSE
	EndGlobalSection
	GlobalSection(ExtensibilityGlobals) = postSolution
		SolutionGuid = {5DF78F03-4D92-4D22-B2E3-1B57BE42B44E}
	EndGlobalSection
EndGlobal
